
Microsoft Visual Studio Solution File, Format Version 12.00
# Visual Studio Version 17
VisualStudioVersion = 17.4.33205.214
MinimumVisualStudioVersion = 10.0.40219.1
Project("{FAE04EC0-301F-11D3-BF4B-00C04F79EFBC}") = "Exam2022_Gizetdinov421", "Exam2022_Gizetdinov421\Exam2022_Gizetdinov421.csproj", "{5F9D28B8-F4F5-4A45-940D-80870D53F95E}"
EndProject
Global
	GlobalSection(SolutionConfigurationPlatforms) = preSolution
		Debug|Any CPU = Debug|Any CPU
		Release|Any CPU = Release|Any CPU
	EndGlobalSection
	GlobalSection(ProjectConfigurationPlatforms) = postSolution
		{5F9D28B8-F4F5-4A45-940D-80870D53F95E}.Debug|Any CPU.ActiveCfg = Debug|Any CPU
		{5F9D28B8-F4F5-4A45-940D-80870D53F95E}.Debug|Any CPU.Build.0 = Debug|Any CPU
		{5F9D28B8-F4F5-4A45-940D-80870D53F95E}.Release|Any CPU.ActiveCfg = Release|Any CPU
		{5F9D28B8-F4F5-4A45-940D-80870D53F95E}.Release|Any CPU.Build.0 = Release|Any CPU
	EndGlobalSection
	GlobalSection(SolutionProperties) = preSolution
		HideSolutionNode = FALSE
	EndGlobalSection
	GlobalSection(ExtensibilityGlobals) = postSolution
		SolutionGuid = {36309AD5-2444-438C-892F-43F7EC889F00}
	EndGlobalSection
EndGlobal
